
Microsoft Visual Studio Solution File, Format Version 12.00
# Visual Studio Version 16
VisualStudioVersion = 16.0.30320.27
MinimumVisualStudioVersion = 10.0.40219.1
Project("{FAE04EC0-301F-11D3-BF4B-00C04F79EFBC}") = "BestBuyBestPractices", "BestBuyBestPractices\BestBuyBestPractices.csproj", "{FC7BA8E2-17CD-4CE1-9FCC-6C4AAD89859E}"
EndProject
Global
	GlobalSection(SolutionConfigurationPlatforms) = preSolution
		Debug|Any CPU = Debug|Any CPU
		Release|Any CPU = Release|Any CPU
	EndGlobalSection
	GlobalSection(ProjectConfigurationPlatforms) = postSolution
		{FC7BA8E2-17CD-4CE1-9FCC-6C4AAD89859E}.Debug|Any CPU.ActiveCfg = Debug|Any CPU
		{FC7BA8E2-17CD-4CE1-9FCC-6C4AAD89859E}.Debug|Any CPU.Build.0 = Debug|Any CPU
		{FC7BA8E2-17CD-4CE1-9FCC-6C4AAD89859E}.Release|Any CPU.ActiveCfg = Release|Any CPU
		{FC7BA8E2-17CD-4CE1-9FCC-6C4AAD89859E}.Release|Any CPU.Build.0 = Release|Any CPU
	EndGlobalSection
	GlobalSection(SolutionProperties) = preSolution
		HideSolutionNode = FALSE
	EndGlobalSection
	GlobalSection(ExtensibilityGlobals) = postSolution
		SolutionGuid = {1995224C-4D96-432E-9D87-C8834460E459}
	EndGlobalSection
EndGlobal
